
Microsoft Visual Studio Solution File, Format Version 12.00
# Visual Studio 15
VisualStudioVersion = 15.0.26730.3
MinimumVisualStudioVersion = 10.0.40219.1
Project("{FAE04EC0-301F-11D3-BF4B-00C04F79EFBC}") = "WebUI", "WebUI\WebUI.csproj", "{61F9E590-97B1-41E0-96C3-E736EDD82980}"
EndProject
Project("{FAE04EC0-301F-11D3-BF4B-00C04F79EFBC}") = "UnitTests", "UnitTests\UnitTests.csproj", "{3838DB43-C79A-4474-921A-8735056D5440}"
EndProject
Project("{FAE04EC0-301F-11D3-BF4B-00C04F79EFBC}") = "Domain", "Domain\Domain.csproj", "{6A281DDE-9099-4817-9BFA-D31E30A16140}"
EndProject
Global
	GlobalSection(SolutionConfigurationPlatforms) = preSolution
		Debug|Any CPU = Debug|Any CPU
		Release|Any CPU = Release|Any CPU
	EndGlobalSection
	GlobalSection(ProjectConfigurationPlatforms) = postSolution
		{61F9E590-97B1-41E0-96C3-E736EDD82980}.Debug|Any CPU.ActiveCfg = Debug|Any CPU
		{61F9E590-97B1-41E0-96C3-E736EDD82980}.Debug|Any CPU.Build.0 = Debug|Any CPU
		{61F9E590-97B1-41E0-96C3-E736EDD82980}.Release|Any CPU.ActiveCfg = Release|Any CPU
		{61F9E590-97B1-41E0-96C3-E736EDD82980}.Release|Any CPU.Build.0 = Release|Any CPU
		{3838DB43-C79A-4474-921A-8735056D5440}.Debug|Any CPU.ActiveCfg = Debug|Any CPU
		{3838DB43-C79A-4474-921A-8735056D5440}.Debug|Any CPU.Build.0 = Debug|Any CPU
		{3838DB43-C79A-4474-921A-8735056D5440}.Release|Any CPU.ActiveCfg = Release|Any CPU
		{3838DB43-C79A-4474-921A-8735056D5440}.Release|Any CPU.Build.0 = Release|Any CPU
		{6A281DDE-9099-4817-9BFA-D31E30A16140}.Debug|Any CPU.ActiveCfg = Debug|Any CPU
		{6A281DDE-9099-4817-9BFA-D31E30A16140}.Debug|Any CPU.Build.0 = Debug|Any CPU
		{6A281DDE-9099-4817-9BFA-D31E30A16140}.Release|Any CPU.ActiveCfg = Release|Any CPU
		{6A281DDE-9099-4817-9BFA-D31E30A16140}.Release|Any CPU.Build.0 = Release|Any CPU
	EndGlobalSection
	GlobalSection(SolutionProperties) = preSolution
		HideSolutionNode = FALSE
	EndGlobalSection
	GlobalSection(ExtensibilityGlobals) = postSolution
		SolutionGuid = {A2F606B5-326C-4BD5-9D38-D01CE7D2412F}
	EndGlobalSection
EndGlobal
